
Microsoft Visual Studio Solution File, Format Version 12.00
# Visual Studio Version 17
VisualStudioVersion = 17.5.33502.453
MinimumVisualStudioVersion = 10.0.40219.1
Project("{FAE04EC0-301F-11D3-BF4B-00C04F79EFBC}") = "R52_Ex_08_Evidence", "R52_Ex_08_Evidence\R52_Ex_08_Evidence.csproj", "{28B20D34-5288-4492-99A5-948DCFD29038}"
EndProject
Global
	GlobalSection(SolutionConfigurationPlatforms) = preSolution
		Debug|Any CPU = Debug|Any CPU
		Release|Any CPU = Release|Any CPU
	EndGlobalSection
	GlobalSection(ProjectConfigurationPlatforms) = postSolution
		{28B20D34-5288-4492-99A5-948DCFD29038}.Debug|Any CPU.ActiveCfg = Debug|Any CPU
		{28B20D34-5288-4492-99A5-948DCFD29038}.Debug|Any CPU.Build.0 = Debug|Any CPU
		{28B20D34-5288-4492-99A5-948DCFD29038}.Release|Any CPU.ActiveCfg = Release|Any CPU
		{28B20D34-5288-4492-99A5-948DCFD29038}.Release|Any CPU.Build.0 = Release|Any CPU
	EndGlobalSection
	GlobalSection(SolutionProperties) = preSolution
		HideSolutionNode = FALSE
	EndGlobalSection
	GlobalSection(ExtensibilityGlobals) = postSolution
		SolutionGuid = {1A6C774D-B6B8-4F04-981C-7D196AE46E73}
	EndGlobalSection
EndGlobal
