
Microsoft Visual Studio Solution File, Format Version 12.00
# Visual Studio Version 17
VisualStudioVersion = 17.4.33403.182
MinimumVisualStudioVersion = 10.0.40219.1
Project("{FAE04EC0-301F-11D3-BF4B-00C04F79EFBC}") = "WebCoreMVCCore", "WebCoreMVCCore\WebCoreMVCCore.csproj", "{54A5A361-0448-4B26-8109-297822D1609F}"
EndProject
Global
	GlobalSection(SolutionConfigurationPlatforms) = preSolution
		Debug|Any CPU = Debug|Any CPU
		Release|Any CPU = Release|Any CPU
	EndGlobalSection
	GlobalSection(ProjectConfigurationPlatforms) = postSolution
		{54A5A361-0448-4B26-8109-297822D1609F}.Debug|Any CPU.ActiveCfg = Debug|Any CPU
		{54A5A361-0448-4B26-8109-297822D1609F}.Debug|Any CPU.Build.0 = Debug|Any CPU
		{54A5A361-0448-4B26-8109-297822D1609F}.Release|Any CPU.ActiveCfg = Release|Any CPU
		{54A5A361-0448-4B26-8109-297822D1609F}.Release|Any CPU.Build.0 = Release|Any CPU
	EndGlobalSection
	GlobalSection(SolutionProperties) = preSolution
		HideSolutionNode = FALSE
	EndGlobalSection
	GlobalSection(ExtensibilityGlobals) = postSolution
		SolutionGuid = {C1B70655-A65E-4462-B4B5-F4CEC9A6A2D4}
	EndGlobalSection
EndGlobal
